
Microsoft Visual Studio Solution File, Format Version 12.00
# Visual Studio Version 16
VisualStudioVersion = 16.0.30204.135
MinimumVisualStudioVersion = 10.0.40219.1
Project("{FAE04EC0-301F-11D3-BF4B-00C04F79EFBC}") = "NYF_Molnar_osztalyok", "NYF_Molnar_osztalyok\NYF_Molnar_osztalyok.csproj", "{9C907CCC-0EF8-4BAA-B7C3-505663C3DDA1}"
EndProject
Global
	GlobalSection(SolutionConfigurationPlatforms) = preSolution
		Debug|Any CPU = Debug|Any CPU
		Release|Any CPU = Release|Any CPU
	EndGlobalSection
	GlobalSection(ProjectConfigurationPlatforms) = postSolution
		{9C907CCC-0EF8-4BAA-B7C3-505663C3DDA1}.Debug|Any CPU.ActiveCfg = Debug|Any CPU
		{9C907CCC-0EF8-4BAA-B7C3-505663C3DDA1}.Debug|Any CPU.Build.0 = Debug|Any CPU
		{9C907CCC-0EF8-4BAA-B7C3-505663C3DDA1}.Release|Any CPU.ActiveCfg = Release|Any CPU
		{9C907CCC-0EF8-4BAA-B7C3-505663C3DDA1}.Release|Any CPU.Build.0 = Release|Any CPU
	EndGlobalSection
	GlobalSection(SolutionProperties) = preSolution
		HideSolutionNode = FALSE
	EndGlobalSection
	GlobalSection(ExtensibilityGlobals) = postSolution
		SolutionGuid = {F9421D7F-970B-4FD2-99B8-D8627B275650}
	EndGlobalSection
EndGlobal
